
Microsoft Visual Studio Solution File, Format Version 12.00
# Visual Studio 15
VisualStudioVersion = 15.0.34112.143
MinimumVisualStudioVersion = 10.0.40219.1
Project("{FAE04EC0-301F-11D3-BF4B-00C04F79EFBC}") = "new Doctor Appointment", "new Doctor Appointment\new Doctor Appointment.csproj", "{921F673D-5FE0-478B-8B7C-DAA3704D5B84}"
EndProject
Global
	GlobalSection(SolutionConfigurationPlatforms) = preSolution
		Debug|Any CPU = Debug|Any CPU
		Release|Any CPU = Release|Any CPU
	EndGlobalSection
	GlobalSection(ProjectConfigurationPlatforms) = postSolution
		{921F673D-5FE0-478B-8B7C-DAA3704D5B84}.Debug|Any CPU.ActiveCfg = Debug|Any CPU
		{921F673D-5FE0-478B-8B7C-DAA3704D5B84}.Debug|Any CPU.Build.0 = Debug|Any CPU
		{921F673D-5FE0-478B-8B7C-DAA3704D5B84}.Release|Any CPU.ActiveCfg = Release|Any CPU
		{921F673D-5FE0-478B-8B7C-DAA3704D5B84}.Release|Any CPU.Build.0 = Release|Any CPU
	EndGlobalSection
	GlobalSection(SolutionProperties) = preSolution
		HideSolutionNode = FALSE
	EndGlobalSection
	GlobalSection(ExtensibilityGlobals) = postSolution
		SolutionGuid = {1CDE7016-F593-41D9-8AFE-D820D1BA3210}
	EndGlobalSection
EndGlobal
